
Microsoft Visual Studio Solution File, Format Version 12.00
# Visual Studio 2012
Project("{2150E333-8FDC-42A3-9474-1A3956D46DE8}") = ".nuget", ".nuget", "{8C814A27-8693-4B14-B20B-66F8BA378019}"
	ProjectSection(SolutionItems) = preProject
		.nuget\NuGet.Config = .nuget\NuGet.Config
		.nuget\NuGet.exe = .nuget\NuGet.exe
		.nuget\NuGet.targets = .nuget\NuGet.targets
	EndProjectSection
EndProject
Project("{FAE04EC0-301F-11D3-BF4B-00C04F79EFBC}") = "Main", "Main\Main.csproj", "{45ACDD90-FF0C-4F54-9382-542290C2DDF5}"
EndProject
Project("{2150E333-8FDC-42A3-9474-1A3956D46DE8}") = "Solution Items", "Solution Items", "{A9B69DA3-C7A8-4297-B6FF-9794C865A3AC}"
EndProject
Project("{FAE04EC0-301F-11D3-BF4B-00C04F79EFBC}") = "Tests", "Tests\Tests.csproj", "{FAB39D87-7FED-4E83-B861-D8627CC95632}"
EndProject
Global
	GlobalSection(SolutionConfigurationPlatforms) = preSolution
		Debug|Any CPU = Debug|Any CPU
		Release|Any CPU = Release|Any CPU
	EndGlobalSection
	GlobalSection(ProjectConfigurationPlatforms) = postSolution
		{45ACDD90-FF0C-4F54-9382-542290C2DDF5}.Debug|Any CPU.ActiveCfg = Debug|Any CPU
		{45ACDD90-FF0C-4F54-9382-542290C2DDF5}.Debug|Any CPU.Build.0 = Debug|Any CPU
		{45ACDD90-FF0C-4F54-9382-542290C2DDF5}.Release|Any CPU.ActiveCfg = Release|Any CPU
		{45ACDD90-FF0C-4F54-9382-542290C2DDF5}.Release|Any CPU.Build.0 = Release|Any CPU
		{FAB39D87-7FED-4E83-B861-D8627CC95632}.Debug|Any CPU.ActiveCfg = Debug|Any CPU
		{FAB39D87-7FED-4E83-B861-D8627CC95632}.Debug|Any CPU.Build.0 = Debug|Any CPU
		{FAB39D87-7FED-4E83-B861-D8627CC95632}.Release|Any CPU.ActiveCfg = Release|Any CPU
		{FAB39D87-7FED-4E83-B861-D8627CC95632}.Release|Any CPU.Build.0 = Release|Any CPU
	EndGlobalSection
	GlobalSection(SolutionProperties) = preSolution
		HideSolutionNode = FALSE
	EndGlobalSection
EndGlobal
